
Microsoft Visual Studio Solution File, Format Version 12.00
# Visual Studio Version 17
VisualStudioVersion = 17.6.33723.286
MinimumVisualStudioVersion = 10.0.40219.1
Project("{9A19103F-16F7-4668-BE54-9A1E7A4F7556}") = "TaskManagerShared", "TaskManagerShared\TaskManagerShared.csproj", "{999595F0-E57C-4F5F-9297-AE1D70A7B055}"
EndProject
Project("{9A19103F-16F7-4668-BE54-9A1E7A4F7556}") = "TaskManager.Backend", "TaskManager.Backend\TaskManager.Backend.csproj", "{A23E1564-A655-4885-A020-96B1A302ED9F}"
EndProject
Project("{9A19103F-16F7-4668-BE54-9A1E7A4F7556}") = "TaskManager.Fronend", "TaskManager.Fronend\TaskManager.Fronend.csproj", "{9156FE64-FE30-42FE-8284-AA786BD0D17A}"
EndProject
Global
	GlobalSection(SolutionConfigurationPlatforms) = preSolution
		Debug|Any CPU = Debug|Any CPU
		Release|Any CPU = Release|Any CPU
	EndGlobalSection
	GlobalSection(ProjectConfigurationPlatforms) = postSolution
		{999595F0-E57C-4F5F-9297-AE1D70A7B055}.Debug|Any CPU.ActiveCfg = Debug|Any CPU
		{999595F0-E57C-4F5F-9297-AE1D70A7B055}.Debug|Any CPU.Build.0 = Debug|Any CPU
		{999595F0-E57C-4F5F-9297-AE1D70A7B055}.Release|Any CPU.ActiveCfg = Release|Any CPU
		{999595F0-E57C-4F5F-9297-AE1D70A7B055}.Release|Any CPU.Build.0 = Release|Any CPU
		{A23E1564-A655-4885-A020-96B1A302ED9F}.Debug|Any CPU.ActiveCfg = Debug|Any CPU
		{A23E1564-A655-4885-A020-96B1A302ED9F}.Debug|Any CPU.Build.0 = Debug|Any CPU
		{A23E1564-A655-4885-A020-96B1A302ED9F}.Release|Any CPU.ActiveCfg = Release|Any CPU
		{A23E1564-A655-4885-A020-96B1A302ED9F}.Release|Any CPU.Build.0 = Release|Any CPU
		{9156FE64-FE30-42FE-8284-AA786BD0D17A}.Debug|Any CPU.ActiveCfg = Debug|Any CPU
		{9156FE64-FE30-42FE-8284-AA786BD0D17A}.Debug|Any CPU.Build.0 = Debug|Any CPU
		{9156FE64-FE30-42FE-8284-AA786BD0D17A}.Release|Any CPU.ActiveCfg = Release|Any CPU
		{9156FE64-FE30-42FE-8284-AA786BD0D17A}.Release|Any CPU.Build.0 = Release|Any CPU
	EndGlobalSection
	GlobalSection(SolutionProperties) = preSolution
		HideSolutionNode = FALSE
	EndGlobalSection
	GlobalSection(ExtensibilityGlobals) = postSolution
		SolutionGuid = {551AFCBA-4A8D-47F3-8AB3-558A4924448E}
	EndGlobalSection
EndGlobal
